# @generated by Move, please check-in and do not edit manually.

[move]
version = 3
manifest_digest = "FEBC3F618BD69775C199425E128B7CF5471732E4EBFE771660A102F6816E7A3B"
deps_digest = "F8BBB0CCB2491CA29A3DF03D6F92277A4F3574266507ACD77214D37ECA3F3082"

dependencies = [
  { id = "MoveStdlib", name = "MoveStdlib" },
]

[[move.package]]
id = "MoveStdlib"
source = { local = "../move-stdlib" }

[move.toolchain-version]
compiler-version = "0.0.1"
edition = "2024.beta"
flavor = "mys"
