# Generated by move; do not edit
# This file should be checked in.

[move]
version = 3
manifest_digest = "350DCB5EAD917A67CACD271B3123325AC1000B396FEDE58872A3F93579C6CABC"
deps_digest = "3C4103934B1E040BB6B23F1D610B4EF9F2F1166A50A104EADCF77467C004C600"
dependencies = [
  { id = "MoveStdlib", name = "MoveStdlib" },
  { id = "MySocial", name = "MySocial" },
]

[[move.package]]
id = "MoveStdlib"
source = { local = "../move-stdlib" }

[[move.package]]
id = "MySocial"
source = { local = "../mys-framework" }

dependencies = [
  { id = "MoveStdlib", name = "MoveStdlib" },
]

[move.toolchain-version]
compiler-version = "0.0.1"
edition = "2024.beta"
flavor = "mys"

[pinned.testnet.MoveStdlib]
source = { local = "../move-stdlib" }
use_environment = "testnet"
manifest_digest = "C4FE4C91DE74CBF223B2E380AE40F592177D21870DC2D7EB6227D2D694E05363"
deps = {}

[pinned.testnet.MySocial]
source = { local = "../mys-framework" }
use_environment = "testnet"
manifest_digest = "7AFB66695545775FBFBB2D3078ADFD084244D5002392E837FDE21D9EA1C6D01C"
deps = { MoveStdlib = "MoveStdlib" }

[pinned.testnet.OrderBook]
source = { root = true }
use_environment = "testnet"
manifest_digest = "FC75FD3AF285B7823FDCF4D1B1A57CC64DD2C62AC91FBF8CBDA010D8F23206CB"
deps = { MoveStdlib = "MoveStdlib", MySocial = "MySocial" }
